{
  "name": "ray-caster",
  "lockfileVersion": 2,
  "requires": true,
  "packages": {
    "": {
      "dependencies": {
        "isoworker": "^0.2.4"
      }
    },
    "node_modules/isoworker": {
      "version": "0.2.4",
      "resolved": "https://registry.npmjs.org/isoworker/-/isoworker-0.2.4.tgz",
      "integrity": "sha512-oIN3zgTUVzu52EWYyl7zVlqNOOA+vdsUQs2DIHLDwWgs1CnOohdwopN23HmIYiZKePmjU7sQLq+J4xYjMMfsYQ=="
    }
  },
  "dependencies": {
    "isoworker": {
      "version": "0.2.4",
      "resolved": "https://registry.npmjs.org/isoworker/-/isoworker-0.2.4.tgz",
      "integrity": "sha512-oIN3zgTUVzu52EWYyl7zVlqNOOA+vdsUQs2DIHLDwWgs1CnOohdwopN23HmIYiZKePmjU7sQLq+J4xYjMMfsYQ=="
    }
  }
}
